
Microsoft Visual Studio Solution File, Format Version 12.00
# Visual Studio Version 16
VisualStudioVersion = 16.0.29519.181
MinimumVisualStudioVersion = 10.0.40219.1
Project("{FAE04EC0-301F-11D3-BF4B-00C04F79EFBC}") = "IdGenerator", "IdGenerator.csproj", "{CE0806AB-0995-400A-81C0-DF2E0E0A7A3D}"
EndProject
Project("{FAE04EC0-301F-11D3-BF4B-00C04F79EFBC}") = "IdGeneratorTest", "..\IdGeneratorTest\IdGeneratorTest.csproj", "{75210B03-E5BB-4780-B8B0-9E106028B0A9}"
EndProject
Global
	GlobalSection(SolutionConfigurationPlatforms) = preSolution
		Debug|Any CPU = Debug|Any CPU
		Release|Any CPU = Release|Any CPU
	EndGlobalSection
	GlobalSection(ProjectConfigurationPlatforms) = postSolution
		{CE0806AB-0995-400A-81C0-DF2E0E0A7A3D}.Debug|Any CPU.ActiveCfg = Debug|Any CPU
		{CE0806AB-0995-400A-81C0-DF2E0E0A7A3D}.Debug|Any CPU.Build.0 = Debug|Any CPU
		{CE0806AB-0995-400A-81C0-DF2E0E0A7A3D}.Release|Any CPU.ActiveCfg = Release|Any CPU
		{CE0806AB-0995-400A-81C0-DF2E0E0A7A3D}.Release|Any CPU.Build.0 = Release|Any CPU
		{75210B03-E5BB-4780-B8B0-9E106028B0A9}.Debug|Any CPU.ActiveCfg = Debug|Any CPU
		{75210B03-E5BB-4780-B8B0-9E106028B0A9}.Debug|Any CPU.Build.0 = Debug|Any CPU
		{75210B03-E5BB-4780-B8B0-9E106028B0A9}.Release|Any CPU.ActiveCfg = Release|Any CPU
		{75210B03-E5BB-4780-B8B0-9E106028B0A9}.Release|Any CPU.Build.0 = Release|Any CPU
	EndGlobalSection
	GlobalSection(SolutionProperties) = preSolution
		HideSolutionNode = FALSE
	EndGlobalSection
	GlobalSection(ExtensibilityGlobals) = postSolution
		SolutionGuid = {999772E4-9D2D-4705-83B3-4E964DBC67D1}
	EndGlobalSection
EndGlobal
